
Microsoft Visual Studio Solution File, Format Version 12.00
# Visual Studio Version 17
VisualStudioVersion = 17.4.33213.308
MinimumVisualStudioVersion = 10.0.40219.1
Project("{9A19103F-16F7-4668-BE54-9A1E7A4F7556}") = "Hweb", "Hweb\Hweb.csproj", "{1529953F-0C85-435D-9298-B7CA7195D711}"
EndProject
Global
	GlobalSection(SolutionConfigurationPlatforms) = preSolution
		Debug|Any CPU = Debug|Any CPU
		Release|Any CPU = Release|Any CPU
	EndGlobalSection
	GlobalSection(ProjectConfigurationPlatforms) = postSolution
		{1529953F-0C85-435D-9298-B7CA7195D711}.Debug|Any CPU.ActiveCfg = Debug|Any CPU
		{1529953F-0C85-435D-9298-B7CA7195D711}.Debug|Any CPU.Build.0 = Debug|Any CPU
		{1529953F-0C85-435D-9298-B7CA7195D711}.Release|Any CPU.ActiveCfg = Release|Any CPU
		{1529953F-0C85-435D-9298-B7CA7195D711}.Release|Any CPU.Build.0 = Release|Any CPU
	EndGlobalSection
	GlobalSection(SolutionProperties) = preSolution
		HideSolutionNode = FALSE
	EndGlobalSection
	GlobalSection(ExtensibilityGlobals) = postSolution
		SolutionGuid = {20410236-136A-437F-AB44-F12903A5B338}
	EndGlobalSection
EndGlobal
